github.com/nkdAgility/OpenGuidePlatform/system/OpenGuidePlatform.Hugo.Guides v0.5.3-Preview.6 h1:ESYD70i8mGEjCjKvhSliQEGERq88UjgTbmmq8k8VRAA=
github.com/nkdAgility/OpenGuidePlatform/system/OpenGuidePlatform.Hugo.Guides v0.5.3-Preview.6/go.mod h1:rAE0g1D+UCeGL3BUQvtngp1S76QDcVozQoa9V8mAukg=
github.com/nkdAgility/OpenGuidePlatform/system/OpenGuidePlatform.Hugo.Guides v0.5.4-Preview.1 h1:6uxnhPCzHkzENCyAiEQYtpJrbFnOn6wbp6JApKehuBU=
github.com/nkdAgility/OpenGuidePlatform/system/OpenGuidePlatform.Hugo.Guides v0.5.4-Preview.1/go.mod h1:rAE0g1D+UCeGL3BUQvtngp1S76QDcVozQoa9V8mAukg=
